// !$*UTF8*$!
{
	archiveVersion = 1;
	classes = {
	};
	objectVersion = 48;
	objects = {

/* Begin PBXBuildFile section */
		230783D91FE0745500CC56DA /* CoreLocation.framework in Frameworks */ = {isa = PBXBuildFile; fileRef = 230783D81FE0745500CC56DA /* CoreLocation.framework */; };
		232B68FD1FDF0F7900661A6E /* MapViewController.swift in Sources */ = {isa = PBXBuildFile; fileRef = 232B68FC1FDF0F7900661A6E /* MapViewController.swift */; };
		233C65881FE2F121009B3505 /* remove-favorite.png in Resources */ = {isa = PBXBuildFile; fileRef = 233C65821FE2F120009B3505 /* remove-favorite.png */; };
		233C65891FE2F121009B3505 /* add-favorite@2x.png in Resources */ = {isa = PBXBuildFile; fileRef = 233C65831FE2F120009B3505 /* add-favorite@2x.png */; };
		233C658A1FE2F121009B3505 /* add-favorite@3x.png in Resources */ = {isa = PBXBuildFile; fileRef = 233C65841FE2F120009B3505 /* add-favorite@3x.png */; };
		233C658B1FE2F121009B3505 /* add-favorite.png in Resources */ = {isa = PBXBuildFile; fileRef = 233C65851FE2F121009B3505 /* add-favorite.png */; };
		233C658C1FE2F121009B3505 /* remove-favorite@2x.png in Resources */ = {isa = PBXBuildFile; fileRef = 233C65861FE2F121009B3505 /* remove-favorite@2x.png */; };
		233C658D1FE2F121009B3505 /* remove-favorite@3x.png in Resources */ = {isa = PBXBuildFile; fileRef = 233C65871FE2F121009B3505 /* remove-favorite@3x.png */; };
		233C658F1FE2F4DF009B3505 /* FoodtruckStore.swift in Sources */ = {isa = PBXBuildFile; fileRef = 233C658E1FE2F4DF009B3505 /* FoodtruckStore.swift */; };
		233C65911FE30AEA009B3505 /* FavoritesViewController.swift in Sources */ = {isa = PBXBuildFile; fileRef = 233C65901FE30AEA009B3505 /* FavoritesViewController.swift */; };
		236E15D81FDF77AC0095A497 /* FoodtruckDetailViewController.swift in Sources */ = {isa = PBXBuildFile; fileRef = 236E15D71FDF77AC0095A497 /* FoodtruckDetailViewController.swift */; };
		236E15DA1FDF8DE20095A497 /* SearchHelper.swift in Sources */ = {isa = PBXBuildFile; fileRef = 236E15D91FDF8DE20095A497 /* SearchHelper.swift */; };
		23DA55F61FE313F2001AC527 /* FavoriteTableViewCell.swift in Sources */ = {isa = PBXBuildFile; fileRef = 23DA55F51FE313F2001AC527 /* FavoriteTableViewCell.swift */; };
		23F27CB81FD118C900EAC191 /* AppDelegate.swift in Sources */ = {isa = PBXBuildFile; fileRef = 23F27CB71FD118C900EAC191 /* AppDelegate.swift */; };
		23F27CBA1FD118C900EAC191 /* ListViewController.swift in Sources */ = {isa = PBXBuildFile; fileRef = 23F27CB91FD118C900EAC191 /* ListViewController.swift */; };
		23F27CBD1FD118C900EAC191 /* Main.storyboard in Resources */ = {isa = PBXBuildFile; fileRef = 23F27CBB1FD118C900EAC191 /* Main.storyboard */; };
		23F27CBF1FD118C900EAC191 /* Assets.xcassets in Resources */ = {isa = PBXBuildFile; fileRef = 23F27CBE1FD118C900EAC191 /* Assets.xcassets */; };
		23F27CC21FD118C900EAC191 /* LaunchScreen.storyboard in Resources */ = {isa = PBXBuildFile; fileRef = 23F27CC01FD118C900EAC191 /* LaunchScreen.storyboard */; };
		23FC77A51FDF15BB00CC664C /* map@3x.png in Resources */ = {isa = PBXBuildFile; fileRef = 23FC77A21FDF15BB00CC664C /* map@3x.png */; };
		23FC77A61FDF15BB00CC664C /* map@2x.png in Resources */ = {isa = PBXBuildFile; fileRef = 23FC77A31FDF15BB00CC664C /* map@2x.png */; };
		23FC77A71FDF15BB00CC664C /* map.png in Resources */ = {isa = PBXBuildFile; fileRef = 23FC77A41FDF15BB00CC664C /* map.png */; };
		23FC77AB1FDF164900CC664C /* list.png in Resources */ = {isa = PBXBuildFile; fileRef = 23FC77A81FDF164900CC664C /* list.png */; };
		23FC77AC1FDF164900CC664C /* list@2x.png in Resources */ = {isa = PBXBuildFile; fileRef = 23FC77A91FDF164900CC664C /* list@2x.png */; };
		23FC77AD1FDF164900CC664C /* list@3x.png in Resources */ = {isa = PBXBuildFile; fileRef = 23FC77AA1FDF164900CC664C /* list@3x.png */; };
		23FC77AF1FDF1A5000CC664C /* Foodtruck.swift in Sources */ = {isa = PBXBuildFile; fileRef = 23FC77AE1FDF1A5000CC664C /* Foodtruck.swift */; };
		23FC77B11FDF285900CC664C /* FoodtruckTableViewCell.swift in Sources */ = {isa = PBXBuildFile; fileRef = 23FC77B01FDF285900CC664C /* FoodtruckTableViewCell.swift */; };
/* End PBXBuildFile section */

/* Begin PBXFileReference section */
		230783D81FE0745500CC56DA /* CoreLocation.framework */ = {isa = PBXFileReference; lastKnownFileType = wrapper.framework; name = CoreLocation.framework; path = System/Library/Frameworks/CoreLocation.framework; sourceTree = SDKROOT; };
		232B68FC1FDF0F7900661A6E /* MapViewController.swift */ = {isa = PBXFileReference; lastKnownFileType = sourcecode.swift; path = MapViewController.swift; sourceTree = "<group>"; };
		233C65821FE2F120009B3505 /* remove-favorite.png */ = {isa = PBXFileReference; lastKnownFileType = image.png; path = "remove-favorite.png"; sourceTree = "<group>"; };
		233C65831FE2F120009B3505 /* add-favorite@2x.png */ = {isa = PBXFileReference; lastKnownFileType = image.png; path = "add-favorite@2x.png"; sourceTree = "<group>"; };
		233C65841FE2F120009B3505 /* add-favorite@3x.png */ = {isa = PBXFileReference; lastKnownFileType = image.png; path = "add-favorite@3x.png"; sourceTree = "<group>"; };
		233C65851FE2F121009B3505 /* add-favorite.png */ = {isa = PBXFileReference; lastKnownFileType = image.png; path = "add-favorite.png"; sourceTree = "<group>"; };
		233C65861FE2F121009B3505 /* remove-favorite@2x.png */ = {isa = PBXFileReference; lastKnownFileType = image.png; path = "remove-favorite@2x.png"; sourceTree = "<group>"; };
		233C65871FE2F121009B3505 /* remove-favorite@3x.png */ = {isa = PBXFileReference; lastKnownFileType = image.png; path = "remove-favorite@3x.png"; sourceTree = "<group>"; };
		233C658E1FE2F4DF009B3505 /* FoodtruckStore.swift */ = {isa = PBXFileReference; lastKnownFileType = sourcecode.swift; path = FoodtruckStore.swift; sourceTree = "<group>"; };
		233C65901FE30AEA009B3505 /* FavoritesViewController.swift */ = {isa = PBXFileReference; lastKnownFileType = sourcecode.swift; path = FavoritesViewController.swift; sourceTree = "<group>"; };
		236E15D71FDF77AC0095A497 /* FoodtruckDetailViewController.swift */ = {isa = PBXFileReference; lastKnownFileType = sourcecode.swift; path = FoodtruckDetailViewController.swift; sourceTree = "<group>"; };
		236E15D91FDF8DE20095A497 /* SearchHelper.swift */ = {isa = PBXFileReference; lastKnownFileType = sourcecode.swift; path = SearchHelper.swift; sourceTree = "<group>"; };
		23DA55F51FE313F2001AC527 /* FavoriteTableViewCell.swift */ = {isa = PBXFileReference; lastKnownFileType = sourcecode.swift; path = FavoriteTableViewCell.swift; sourceTree = "<group>"; };
		23F27CB41FD118C900EAC191 /* FoodTruckSF.app */ = {isa = PBXFileReference; explicitFileType = wrapper.application; includeInIndex = 0; path = FoodTruckSF.app; sourceTree = BUILT_PRODUCTS_DIR; };
		23F27CB71FD118C900EAC191 /* AppDelegate.swift */ = {isa = PBXFileReference; lastKnownFileType = sourcecode.swift; path = AppDelegate.swift; sourceTree = "<group>"; };
		23F27CB91FD118C900EAC191 /* ListViewController.swift */ = {isa = PBXFileReference; lastKnownFileType = sourcecode.swift; path = ListViewController.swift; sourceTree = "<group>"; };
		23F27CBC1FD118C900EAC191 /* Base */ = {isa = PBXFileReference; lastKnownFileType = file.storyboard; name = Base; path = Base.lproj/Main.storyboard; sourceTree = "<group>"; };
		23F27CBE1FD118C900EAC191 /* Assets.xcassets */ = {isa = PBXFileReference; lastKnownFileType = folder.assetcatalog; path = Assets.xcassets; sourceTree = "<group>"; };
		23F27CC11FD118C900EAC191 /* Base */ = {isa = PBXFileReference; lastKnownFileType = file.storyboard; name = Base; path = Base.lproj/LaunchScreen.storyboard; sourceTree = "<group>"; };
		23F27CC31FD118C900EAC191 /* Info.plist */ = {isa = PBXFileReference; lastKnownFileType = text.plist.xml; path = Info.plist; sourceTree = "<group>"; };
		23FC77A21FDF15BB00CC664C /* map@3x.png */ = {isa = PBXFileReference; lastKnownFileType = image.png; name = "map@3x.png"; path = "../../../Downloads/map@3x.png"; sourceTree = "<group>"; };
		23FC77A31FDF15BB00CC664C /* map@2x.png */ = {isa = PBXFileReference; lastKnownFileType = image.png; name = "map@2x.png"; path = "../../../Downloads/map@2x.png"; sourceTree = "<group>"; };
		23FC77A41FDF15BB00CC664C /* map.png */ = {isa = PBXFileReference; lastKnownFileType = image.png; name = map.png; path = ../../../Downloads/map.png; sourceTree = "<group>"; };
		23FC77A81FDF164900CC664C /* list.png */ = {isa = PBXFileReference; lastKnownFileType = image.png; name = list.png; path = ../../../Downloads/list.png; sourceTree = "<group>"; };
		23FC77A91FDF164900CC664C /* list@2x.png */ = {isa = PBXFileReference; lastKnownFileType = image.png; name = "list@2x.png"; path = "../../../Downloads/list@2x.png"; sourceTree = "<group>"; };
		23FC77AA1FDF164900CC664C /* list@3x.png */ = {isa = PBXFileReference; lastKnownFileType = image.png; name = "list@3x.png"; path = "../../../Downloads/list@3x.png"; sourceTree = "<group>"; };
		23FC77AE1FDF1A5000CC664C /* Foodtruck.swift */ = {isa = PBXFileReference; lastKnownFileType = sourcecode.swift; path = Foodtruck.swift; sourceTree = "<group>"; };
		23FC77B01FDF285900CC664C /* FoodtruckTableViewCell.swift */ = {isa = PBXFileReference; lastKnownFileType = sourcecode.swift; path = FoodtruckTableViewCell.swift; sourceTree = "<group>"; };
/* End PBXFileReference section */

/* Begin PBXFrameworksBuildPhase section */
		23F27CB11FD118C900EAC191 /* Frameworks */ = {
			isa = PBXFrameworksBuildPhase;
			buildActionMask = 2147483647;
			files = (
				230783D91FE0745500CC56DA /* CoreLocation.framework in Frameworks */,
			);
			runOnlyForDeploymentPostprocessing = 0;
		};
/* End PBXFrameworksBuildPhase section */

/* Begin PBXGroup section */
		230783D71FE0745500CC56DA /* Frameworks */ = {
			isa = PBXGroup;
			children = (
				230783D81FE0745500CC56DA /* CoreLocation.framework */,
			);
			name = Frameworks;
			sourceTree = "<group>";
		};
		23F27CAB1FD118C900EAC191 = {
			isa = PBXGroup;
			children = (
				23F27CB61FD118C900EAC191 /* FoodTruckSF */,
				23F27CB51FD118C900EAC191 /* Products */,
				23FC77A41FDF15BB00CC664C /* map.png */,
				23FC77A31FDF15BB00CC664C /* map@2x.png */,
				23FC77A21FDF15BB00CC664C /* map@3x.png */,
				233C65851FE2F121009B3505 /* add-favorite.png */,
				233C65831FE2F120009B3505 /* add-favorite@2x.png */,
				233C65841FE2F120009B3505 /* add-favorite@3x.png */,
				233C65821FE2F120009B3505 /* remove-favorite.png */,
				233C65861FE2F121009B3505 /* remove-favorite@2x.png */,
				233C65871FE2F121009B3505 /* remove-favorite@3x.png */,
				23FC77A81FDF164900CC664C /* list.png */,
				23FC77A91FDF164900CC664C /* list@2x.png */,
				23FC77AA1FDF164900CC664C /* list@3x.png */,
				230783D71FE0745500CC56DA /* Frameworks */,
			);
			sourceTree = "<group>";
		};
		23F27CB51FD118C900EAC191 /* Products */ = {
			isa = PBXGroup;
			children = (
				23F27CB41FD118C900EAC191 /* FoodTruckSF.app */,
			);
			name = Products;
			sourceTree = "<group>";
		};
		23F27CB61FD118C900EAC191 /* FoodTruckSF */ = {
			isa = PBXGroup;
			children = (
				23F27CBB1FD118C900EAC191 /* Main.storyboard */,
				23F27CB71FD118C900EAC191 /* AppDelegate.swift */,
				23F27CB91FD118C900EAC191 /* ListViewController.swift */,
				23FC77B01FDF285900CC664C /* FoodtruckTableViewCell.swift */,
				236E15D71FDF77AC0095A497 /* FoodtruckDetailViewController.swift */,
				232B68FC1FDF0F7900661A6E /* MapViewController.swift */,
				23F27CBE1FD118C900EAC191 /* Assets.xcassets */,
				23F27CC01FD118C900EAC191 /* LaunchScreen.storyboard */,
				23F27CC31FD118C900EAC191 /* Info.plist */,
				23FC77AE1FDF1A5000CC664C /* Foodtruck.swift */,
				236E15D91FDF8DE20095A497 /* SearchHelper.swift */,
				233C658E1FE2F4DF009B3505 /* FoodtruckStore.swift */,
				233C65901FE30AEA009B3505 /* FavoritesViewController.swift */,
				23DA55F51FE313F2001AC527 /* FavoriteTableViewCell.swift */,
			);
			path = FoodTruckSF;
			sourceTree = "<group>";
		};
/* End PBXGroup section */

/* Begin PBXNativeTarget section */
		23F27CB31FD118C900EAC191 /* FoodTruckSF */ = {
			isa = PBXNativeTarget;
			buildConfigurationList = 23F27CC61FD118C900EAC191 /* Build configuration list for PBXNativeTarget "FoodTruckSF" */;
			buildPhases = (
				23F27CB01FD118C900EAC191 /* Sources */,
				23F27CB11FD118C900EAC191 /* Frameworks */,
				23F27CB21FD118C900EAC191 /* Resources */,
			);
			buildRules = (
			);
			dependencies = (
			);
			name = FoodTruckSF;
			productName = FoodTruckSF;
			productReference = 23F27CB41FD118C900EAC191 /* FoodTruckSF.app */;
			productType = "com.apple.product-type.application";
		};
/* End PBXNativeTarget section */

/* Begin PBXProject section */
		23F27CAC1FD118C900EAC191 /* Project object */ = {
			isa = PBXProject;
			attributes = {
				LastSwiftUpdateCheck = 0910;
				LastUpgradeCheck = 0910;
				ORGANIZATIONNAME = "Yolanda Alonso";
				TargetAttributes = {
					23F27CB31FD118C900EAC191 = {
						CreatedOnToolsVersion = 9.1;
						ProvisioningStyle = Automatic;
					};
				};
			};
			buildConfigurationList = 23F27CAF1FD118C900EAC191 /* Build configuration list for PBXProject "FoodTruckSF" */;
			compatibilityVersion = "Xcode 8.0";
			developmentRegion = en;
			hasScannedForEncodings = 0;
			knownRegions = (
				en,
				Base,
			);
			mainGroup = 23F27CAB1FD118C900EAC191;
			productRefGroup = 23F27CB51FD118C900EAC191 /* Products */;
			projectDirPath = "";
			projectRoot = "";
			targets = (
				23F27CB31FD118C900EAC191 /* FoodTruckSF */,
			);
		};
/* End PBXProject section */

/* Begin PBXResourcesBuildPhase section */
		23F27CB21FD118C900EAC191 /* Resources */ = {
			isa = PBXResourcesBuildPhase;
			buildActionMask = 2147483647;
			files = (
				233C658D1FE2F121009B3505 /* remove-favorite@3x.png in Resources */,
				23FC77AB1FDF164900CC664C /* list.png in Resources */,
				23F27CC21FD118C900EAC191 /* LaunchScreen.storyboard in Resources */,
				23FC77A51FDF15BB00CC664C /* map@3x.png in Resources */,
				233C658A1FE2F121009B3505 /* add-favorite@3x.png in Resources */,
				23F27CBF1FD118C900EAC191 /* Assets.xcassets in Resources */,
				233C658B1FE2F121009B3505 /* add-favorite.png in Resources */,
				23FC77AC1FDF164900CC664C /* list@2x.png in Resources */,
				23F27CBD1FD118C900EAC191 /* Main.storyboard in Resources */,
				233C658C1FE2F121009B3505 /* remove-favorite@2x.png in Resources */,
				23FC77A71FDF15BB00CC664C /* map.png in Resources */,
				233C65891FE2F121009B3505 /* add-favorite@2x.png in Resources */,
				233C65881FE2F121009B3505 /* remove-favorite.png in Resources */,
				23FC77AD1FDF164900CC664C /* list@3x.png in Resources */,
				23FC77A61FDF15BB00CC664C /* map@2x.png in Resources */,
			);
			runOnlyForDeploymentPostprocessing = 0;
		};
/* End PBXResourcesBuildPhase section */

/* Begin PBXSourcesBuildPhase section */
		23F27CB01FD118C900EAC191 /* Sources */ = {
			isa = PBXSourcesBuildPhase;
			buildActionMask = 2147483647;
			files = (
				23F27CBA1FD118C900EAC191 /* ListViewController.swift in Sources */,
				233C65911FE30AEA009B3505 /* FavoritesViewController.swift in Sources */,
				23FC77B11FDF285900CC664C /* FoodtruckTableViewCell.swift in Sources */,
				232B68FD1FDF0F7900661A6E /* MapViewController.swift in Sources */,
				23F27CB81FD118C900EAC191 /* AppDelegate.swift in Sources */,
				23FC77AF1FDF1A5000CC664C /* Foodtruck.swift in Sources */,
				233C658F1FE2F4DF009B3505 /* FoodtruckStore.swift in Sources */,
				236E15D81FDF77AC0095A497 /* FoodtruckDetailViewController.swift in Sources */,
				236E15DA1FDF8DE20095A497 /* SearchHelper.swift in Sources */,
				23DA55F61FE313F2001AC527 /* FavoriteTableViewCell.swift in Sources */,
			);
			runOnlyForDeploymentPostprocessing = 0;
		};
/* End PBXSourcesBuildPhase section */

/* Begin PBXVariantGroup section */
		23F27CBB1FD118C900EAC191 /* Main.storyboard */ = {
			isa = PBXVariantGroup;
			children = (
				23F27CBC1FD118C900EAC191 /* Base */,
			);
			name = Main.storyboard;
			sourceTree = "<group>";
		};
		23F27CC01FD118C900EAC191 /* LaunchScreen.storyboard */ = {
			isa = PBXVariantGroup;
			children = (
				23F27CC11FD118C900EAC191 /* Base */,
			);
			name = LaunchScreen.storyboard;
			sourceTree = "<group>";
		};
/* End PBXVariantGroup section */

/* Begin XCBuildConfiguration section */
		23F27CC41FD118C900EAC191 /* Debug */ = {
			isa = XCBuildConfiguration;
			buildSettings = {
				ALWAYS_SEARCH_USER_PATHS = NO;
				CLANG_ANALYZER_NONNULL = YES;
				CLANG_ANALYZER_NUMBER_OBJECT_CONVERSION = YES_AGGRESSIVE;
				CLANG_CXX_LANGUAGE_STANDARD = "gnu++14";
				CLANG_CXX_LIBRARY = "libc++";
				CLANG_ENABLE_MODULES = YES;
				CLANG_ENABLE_OBJC_ARC = YES;
				CLANG_WARN_BLOCK_CAPTURE_AUTORELEASING = YES;
				CLANG_WARN_BOOL_CONVERSION = YES;
				CLANG_WARN_COMMA = YES;
				CLANG_WARN_CONSTANT_CONVERSION = YES;
				CLANG_WARN_DIRECT_OBJC_ISA_USAGE = YES_ERROR;
				CLANG_WARN_DOCUMENTATION_COMMENTS = YES;
				CLANG_WARN_EMPTY_BODY = YES;
				CLANG_WARN_ENUM_CONVERSION = YES;
				CLANG_WARN_INFINITE_RECURSION = YES;
				CLANG_WARN_INT_CONVERSION = YES;
				CLANG_WARN_NON_LITERAL_NULL_CONVERSION = YES;
				CLANG_WARN_OBJC_LITERAL_CONVERSION = YES;
				CLANG_WARN_OBJC_ROOT_CLASS = YES_ERROR;
				CLANG_WARN_RANGE_LOOP_ANALYSIS = YES;
				CLANG_WARN_STRICT_PROTOTYPES = YES;
				CLANG_WARN_SUSPICIOUS_MOVE = YES;
				CLANG_WARN_UNGUARDED_AVAILABILITY = YES_AGGRESSIVE;
				CLANG_WARN_UNREACHABLE_CODE = YES;
				CLANG_WARN__DUPLICATE_METHOD_MATCH = YES;
				CODE_SIGN_IDENTITY = "iPhone Developer";
				COPY_PHASE_STRIP = NO;
				DEBUG_INFORMATION_FORMAT = dwarf;
				ENABLE_STRICT_OBJC_MSGSEND = YES;
				ENABLE_TESTABILITY = YES;
				GCC_C_LANGUAGE_STANDARD = gnu11;
				GCC_DYNAMIC_NO_PIC = NO;
				GCC_NO_COMMON_BLOCKS = YES;
				GCC_OPTIMIZATION_LEVEL = 0;
				GCC_PREPROCESSOR_DEFINITIONS = (
					"DEBUG=1",
					"$(inherited)",
				);
				GCC_WARN_64_TO_32_BIT_CONVERSION = YES;
				GCC_WARN_ABOUT_RETURN_TYPE = YES_ERROR;
				GCC_WARN_UNDECLARED_SELECTOR = YES;
				GCC_WARN_UNINITIALIZED_AUTOS = YES_AGGRESSIVE;
				GCC_WARN_UNUSED_FUNCTION = YES;
				GCC_WARN_UNUSED_VARIABLE = YES;
				IPHONEOS_DEPLOYMENT_TARGET = 11.1;
				MTL_ENABLE_DEBUG_INFO = YES;
				ONLY_ACTIVE_ARCH = YES;
				SDKROOT = iphoneos;
				SWIFT_ACTIVE_COMPILATION_CONDITIONS = DEBUG;
				SWIFT_OPTIMIZATION_LEVEL = "-Onone";
			};
			name = Debug;
		};
		23F27CC51FD118C900EAC191 /* Release */ = {
			isa = XCBuildConfiguration;
			buildSettings = {
				ALWAYS_SEARCH_USER_PATHS = NO;
				CLANG_ANALYZER_NONNULL = YES;
				CLANG_ANALYZER_NUMBER_OBJECT_CONVERSION = YES_AGGRESSIVE;
				CLANG_CXX_LANGUAGE_STANDARD = "gnu++14";
				CLANG_CXX_LIBRARY = "libc++";
				CLANG_ENABLE_MODULES = YES;
				CLANG_ENABLE_OBJC_ARC = YES;
				CLANG_WARN_BLOCK_CAPTURE_AUTORELEASING = YES;
				CLANG_WARN_BOOL_CONVERSION = YES;
				CLANG_WARN_COMMA = YES;
				CLANG_WARN_CONSTANT_CONVERSION = YES;
				CLANG_WARN_DIRECT_OBJC_ISA_USAGE = YES_ERROR;
				CLANG_WARN_DOCUMENTATION_COMMENTS = YES;
				CLANG_WARN_EMPTY_BODY = YES;
				CLANG_WARN_ENUM_CONVERSION = YES;
				CLANG_WARN_INFINITE_RECURSION = YES;
				CLANG_WARN_INT_CONVERSION = YES;
				CLANG_WARN_NON_LITERAL_NULL_CONVERSION = YES;
				CLANG_WARN_OBJC_LITERAL_CONVERSION = YES;
				CLANG_WARN_OBJC_ROOT_CLASS = YES_ERROR;
				CLANG_WARN_RANGE_LOOP_ANALYSIS = YES;
				CLANG_WARN_STRICT_PROTOTYPES = YES;
				CLANG_WARN_SUSPICIOUS_MOVE = YES;
				CLANG_WARN_UNGUARDED_AVAILABILITY = YES_AGGRESSIVE;
				CLANG_WARN_UNREACHABLE_CODE = YES;
				CLANG_WARN__DUPLICATE_METHOD_MATCH = YES;
				CODE_SIGN_IDENTITY = "iPhone Developer";
				COPY_PHASE_STRIP = NO;
				DEBUG_INFORMATION_FORMAT = "dwarf-with-dsym";
				ENABLE_NS_ASSERTIONS = NO;
				ENABLE_STRICT_OBJC_MSGSEND = YES;
				GCC_C_LANGUAGE_STANDARD = gnu11;
				GCC_NO_COMMON_BLOCKS = YES;
				GCC_WARN_64_TO_32_BIT_CONVERSION = YES;
				GCC_WARN_ABOUT_RETURN_TYPE = YES_ERROR;
				GCC_WARN_UNDECLARED_SELECTOR = YES;
				GCC_WARN_UNINITIALIZED_AUTOS = YES_AGGRESSIVE;
				GCC_WARN_UNUSED_FUNCTION = YES;
				GCC_WARN_UNUSED_VARIABLE = YES;
				IPHONEOS_DEPLOYMENT_TARGET = 11.1;
				MTL_ENABLE_DEBUG_INFO = NO;
				SDKROOT = iphoneos;
				SWIFT_OPTIMIZATION_LEVEL = "-Owholemodule";
				VALIDATE_PRODUCT = YES;
			};
			name = Release;
		};
		23F27CC71FD118C900EAC191 /* Debug */ = {
			isa = XCBuildConfiguration;
			buildSettings = {
				ASSETCATALOG_COMPILER_APPICON_NAME = AppIcon;
				CODE_SIGN_STYLE = Automatic;
				INFOPLIST_FILE = FoodTruckSF/Info.plist;
				LD_RUNPATH_SEARCH_PATHS = "$(inherited) @executable_path/Frameworks";
				PRODUCT_BUNDLE_IDENTIFIER = yalonsob.FoodTruckSF;
				PRODUCT_NAME = "$(TARGET_NAME)";
				SWIFT_VERSION = 4.0;
				TARGETED_DEVICE_FAMILY = "1,2";
			};
			name = Debug;
		};
		23F27CC81FD118C900EAC191 /* Release */ = {
			isa = XCBuildConfiguration;
			buildSettings = {
				ASSETCATALOG_COMPILER_APPICON_NAME = AppIcon;
				CODE_SIGN_STYLE = Automatic;
				INFOPLIST_FILE = FoodTruckSF/Info.plist;
				LD_RUNPATH_SEARCH_PATHS = "$(inherited) @executable_path/Frameworks";
				PRODUCT_BUNDLE_IDENTIFIER = yalonsob.FoodTruckSF;
				PRODUCT_NAME = "$(TARGET_NAME)";
				SWIFT_VERSION = 4.0;
				TARGETED_DEVICE_FAMILY = "1,2";
			};
			name = Release;
		};
/* End XCBuildConfiguration section */

/* Begin XCConfigurationList section */
		23F27CAF1FD118C900EAC191 /* Build configuration list for PBXProject "FoodTruckSF" */ = {
			isa = XCConfigurationList;
			buildConfigurations = (
				23F27CC41FD118C900EAC191 /* Debug */,
				23F27CC51FD118C900EAC191 /* Release */,
			);
			defaultConfigurationIsVisible = 0;
			defaultConfigurationName = Release;
		};
		23F27CC61FD118C900EAC191 /* Build configuration list for PBXNativeTarget "FoodTruckSF" */ = {
			isa = XCConfigurationList;
			buildConfigurations = (
				23F27CC71FD118C900EAC191 /* Debug */,
				23F27CC81FD118C900EAC191 /* Release */,
			);
			defaultConfigurationIsVisible = 0;
			defaultConfigurationName = Release;
		};
/* End XCConfigurationList section */
	};
	rootObject = 23F27CAC1FD118C900EAC191 /* Project object */;
}
